// !$*UTF8*$!
{
	archiveVersion = 1;
	classes = {
	};
	objectVersion = 56;
	objects = {

/* Begin PBXBuildFile section */
		271A28FF29C8C10B004971AD /* TCPSocket.swift in Sources */ = {isa = PBXBuildFile; fileRef = 271A28FE29C8C10B004971AD /* TCPSocket.swift */; };
		D820A1582984389100576E1C /* BinarySwift in Frameworks */ = {isa = PBXBuildFile; productRef = D820A1572984389100576E1C /* BinarySwift */; };
		D845FC722979AB3C00C8FE7F /* F15_Data_InterpretationApp.swift in Sources */ = {isa = PBXBuildFile; fileRef = D845FC712979AB3C00C8FE7F /* F15_Data_InterpretationApp.swift */; };
		D845FC742979AB3C00C8FE7F /* ContentView.swift in Sources */ = {isa = PBXBuildFile; fileRef = D845FC732979AB3C00C8FE7F /* ContentView.swift */; };
		D845FC762979AB3C00C8FE7F /* Assets.xcassets in Resources */ = {isa = PBXBuildFile; fileRef = D845FC752979AB3C00C8FE7F /* Assets.xcassets */; };
		D845FC792979AB3C00C8FE7F /* Preview Assets.xcassets in Resources */ = {isa = PBXBuildFile; fileRef = D845FC782979AB3C00C8FE7F /* Preview Assets.xcassets */; };
		D8EBAFC9297EF4A600EE26A2 /* Packet.swift in Sources */ = {isa = PBXBuildFile; fileRef = D8EBAFC8297EF4A600EE26A2 /* Packet.swift */; };
		D8EBAFCB297EF63600EE26A2 /* fileInput.swift in Sources */ = {isa = PBXBuildFile; fileRef = D8EBAFCA297EF63600EE26A2 /* fileInput.swift */; };
/* End PBXBuildFile section */

/* Begin PBXFileReference section */
		271A28FE29C8C10B004971AD /* TCPSocket.swift */ = {isa = PBXFileReference; lastKnownFileType = sourcecode.swift; path = TCPSocket.swift; sourceTree = "<group>"; };
		D845FC6E2979AB3C00C8FE7F /* F15 Data Interpretation.app */ = {isa = PBXFileReference; explicitFileType = wrapper.application; includeInIndex = 0; path = "F15 Data Interpretation.app"; sourceTree = BUILT_PRODUCTS_DIR; };
		D845FC712979AB3C00C8FE7F /* F15_Data_InterpretationApp.swift */ = {isa = PBXFileReference; lastKnownFileType = sourcecode.swift; path = F15_Data_InterpretationApp.swift; sourceTree = "<group>"; };
		D845FC732979AB3C00C8FE7F /* ContentView.swift */ = {isa = PBXFileReference; lastKnownFileType = sourcecode.swift; path = ContentView.swift; sourceTree = "<group>"; };
		D845FC752979AB3C00C8FE7F /* Assets.xcassets */ = {isa = PBXFileReference; lastKnownFileType = folder.assetcatalog; path = Assets.xcassets; sourceTree = "<group>"; };
		D845FC782979AB3C00C8FE7F /* Preview Assets.xcassets */ = {isa = PBXFileReference; lastKnownFileType = folder.assetcatalog; path = "Preview Assets.xcassets"; sourceTree = "<group>"; };
		D87D8F6129B119E100ACFB10 /* F15-Data-Interpretation-Info.plist */ = {isa = PBXFileReference; lastKnownFileType = text.plist; path = "F15-Data-Interpretation-Info.plist"; sourceTree = SOURCE_ROOT; };
		D8EBAFC8297EF4A600EE26A2 /* Packet.swift */ = {isa = PBXFileReference; lastKnownFileType = sourcecode.swift; path = Packet.swift; sourceTree = "<group>"; };
		D8EBAFCA297EF63600EE26A2 /* fileInput.swift */ = {isa = PBXFileReference; lastKnownFileType = sourcecode.swift; path = fileInput.swift; sourceTree = "<group>"; };
/* End PBXFileReference section */

/* Begin PBXFrameworksBuildPhase section */
		D845FC6B2979AB3C00C8FE7F /* Frameworks */ = {
			isa = PBXFrameworksBuildPhase;
			buildActionMask = 2147483647;
			files = (
				D820A1582984389100576E1C /* BinarySwift in Frameworks */,
			);
			runOnlyForDeploymentPostprocessing = 0;
		};
/* End PBXFrameworksBuildPhase section */

/* Begin PBXGroup section */
		D845FC652979AB3C00C8FE7F = {
			isa = PBXGroup;
			children = (
				D845FC702979AB3C00C8FE7F /* F15 Data Interpretation */,
				D845FC6F2979AB3C00C8FE7F /* Products */,
			);
			sourceTree = "<group>";
		};
		D845FC6F2979AB3C00C8FE7F /* Products */ = {
			isa = PBXGroup;
			children = (
				D845FC6E2979AB3C00C8FE7F /* F15 Data Interpretation.app */,
			);
			name = Products;
			sourceTree = "<group>";
		};
		D845FC702979AB3C00C8FE7F /* F15 Data Interpretation */ = {
			isa = PBXGroup;
			children = (
				D87D8F6129B119E100ACFB10 /* F15-Data-Interpretation-Info.plist */,
				D845FC712979AB3C00C8FE7F /* F15_Data_InterpretationApp.swift */,
				D845FC732979AB3C00C8FE7F /* ContentView.swift */,
				D8EBAFC8297EF4A600EE26A2 /* Packet.swift */,
				271A28FE29C8C10B004971AD /* TCPSocket.swift */,
				D8EBAFCA297EF63600EE26A2 /* fileInput.swift */,
				D845FC752979AB3C00C8FE7F /* Assets.xcassets */,
				D845FC772979AB3C00C8FE7F /* Preview Content */,
			);
			path = "F15 Data Interpretation";
			sourceTree = "<group>";
		};
		D845FC772979AB3C00C8FE7F /* Preview Content */ = {
			isa = PBXGroup;
			children = (
				D845FC782979AB3C00C8FE7F /* Preview Assets.xcassets */,
			);
			path = "Preview Content";
			sourceTree = "<group>";
		};
/* End PBXGroup section */

/* Begin PBXNativeTarget section */
		D845FC6D2979AB3C00C8FE7F /* F15 Data Interpretation */ = {
			isa = PBXNativeTarget;
			buildConfigurationList = D845FC7C2979AB3C00C8FE7F /* Build configuration list for PBXNativeTarget "F15 Data Interpretation" */;
			buildPhases = (
				D845FC6A2979AB3C00C8FE7F /* Sources */,
				D845FC6B2979AB3C00C8FE7F /* Frameworks */,
				D845FC6C2979AB3C00C8FE7F /* Resources */,
			);
			buildRules = (
			);
			dependencies = (
			);
			name = "F15 Data Interpretation";
			packageProductDependencies = (
				D820A1572984389100576E1C /* BinarySwift */,
			);
			productName = "F15 Data Interpretation";
			productReference = D845FC6E2979AB3C00C8FE7F /* F15 Data Interpretation.app */;
			productType = "com.apple.product-type.application";
		};
/* End PBXNativeTarget section */

/* Begin PBXProject section */
		D845FC662979AB3C00C8FE7F /* Project object */ = {
			isa = PBXProject;
			attributes = {
				BuildIndependentTargetsInParallel = 1;
				LastSwiftUpdateCheck = 1420;
				LastUpgradeCheck = 1420;
				TargetAttributes = {
					D845FC6D2979AB3C00C8FE7F = {
						CreatedOnToolsVersion = 14.2;
					};
				};
			};
			buildConfigurationList = D845FC692979AB3C00C8FE7F /* Build configuration list for PBXProject "F15 Data Interpretation" */;
			compatibilityVersion = "Xcode 14.0";
			developmentRegion = en;
			hasScannedForEncodings = 0;
			knownRegions = (
				en,
				Base,
			);
			mainGroup = D845FC652979AB3C00C8FE7F;
			packageReferences = (
				D820A1562984389100576E1C /* XCRemoteSwiftPackageReference "BinarySwift" */,
			);
			productRefGroup = D845FC6F2979AB3C00C8FE7F /* Products */;
			projectDirPath = "";
			projectRoot = "";
			targets = (
				D845FC6D2979AB3C00C8FE7F /* F15 Data Interpretation */,
			);
		};
/* End PBXProject section */

/* Begin PBXResourcesBuildPhase section */
		D845FC6C2979AB3C00C8FE7F /* Resources */ = {
			isa = PBXResourcesBuildPhase;
			buildActionMask = 2147483647;
			files = (
				D845FC792979AB3C00C8FE7F /* Preview Assets.xcassets in Resources */,
				D845FC762979AB3C00C8FE7F /* Assets.xcassets in Resources */,
			);
			runOnlyForDeploymentPostprocessing = 0;
		};
/* End PBXResourcesBuildPhase section */

/* Begin PBXSourcesBuildPhase section */
		D845FC6A2979AB3C00C8FE7F /* Sources */ = {
			isa = PBXSourcesBuildPhase;
			buildActionMask = 2147483647;
			files = (
				D8EBAFC9297EF4A600EE26A2 /* Packet.swift in Sources */,
				D845FC742979AB3C00C8FE7F /* ContentView.swift in Sources */,
				271A28FF29C8C10B004971AD /* TCPSocket.swift in Sources */,
				D8EBAFCB297EF63600EE26A2 /* fileInput.swift in Sources */,
				D845FC722979AB3C00C8FE7F /* F15_Data_InterpretationApp.swift in Sources */,
			);
			runOnlyForDeploymentPostprocessing = 0;
		};
/* End PBXSourcesBuildPhase section */

/* Begin XCBuildConfiguration section */
		D845FC7A2979AB3C00C8FE7F /* Debug */ = {
			isa = XCBuildConfiguration;
			buildSettings = {
				ALWAYS_SEARCH_USER_PATHS = NO;
				CLANG_ANALYZER_NONNULL = YES;
				CLANG_ANALYZER_NUMBER_OBJECT_CONVERSION = YES_AGGRESSIVE;
				CLANG_CXX_LANGUAGE_STANDARD = "gnu++20";
				CLANG_ENABLE_MODULES = YES;
				CLANG_ENABLE_OBJC_ARC = YES;
				CLANG_ENABLE_OBJC_WEAK = YES;
				CLANG_WARN_BLOCK_CAPTURE_AUTORELEASING = YES;
				CLANG_WARN_BOOL_CONVERSION = YES;
				CLANG_WARN_COMMA = YES;
				CLANG_WARN_CONSTANT_CONVERSION = YES;
				CLANG_WARN_DEPRECATED_OBJC_IMPLEMENTATIONS = YES;
				CLANG_WARN_DIRECT_OBJC_ISA_USAGE = YES_ERROR;
				CLANG_WARN_DOCUMENTATION_COMMENTS = YES;
				CLANG_WARN_EMPTY_BODY = YES;
				CLANG_WARN_ENUM_CONVERSION = YES;
				CLANG_WARN_INFINITE_RECURSION = YES;
				CLANG_WARN_INT_CONVERSION = YES;
				CLANG_WARN_NON_LITERAL_NULL_CONVERSION = YES;
				CLANG_WARN_OBJC_IMPLICIT_RETAIN_SELF = YES;
				CLANG_WARN_OBJC_LITERAL_CONVERSION = YES;
				CLANG_WARN_OBJC_ROOT_CLASS = YES_ERROR;
				CLANG_WARN_QUOTED_INCLUDE_IN_FRAMEWORK_HEADER = YES;
				CLANG_WARN_RANGE_LOOP_ANALYSIS = YES;
				CLANG_WARN_STRICT_PROTOTYPES = YES;
				CLANG_WARN_SUSPICIOUS_MOVE = YES;
				CLANG_WARN_UNGUARDED_AVAILABILITY = YES_AGGRESSIVE;
				CLANG_WARN_UNREACHABLE_CODE = YES;
				CLANG_WARN__DUPLICATE_METHOD_MATCH = YES;
				COPY_PHASE_STRIP = NO;
				DEBUG_INFORMATION_FORMAT = dwarf;
				ENABLE_STRICT_OBJC_MSGSEND = YES;
				ENABLE_TESTABILITY = YES;
				GCC_C_LANGUAGE_STANDARD = gnu11;
				GCC_DYNAMIC_NO_PIC = NO;
				GCC_NO_COMMON_BLOCKS = YES;
				GCC_OPTIMIZATION_LEVEL = 0;
				GCC_PREPROCESSOR_DEFINITIONS = (
					"DEBUG=1",
					"$(inherited)",
				);
				GCC_WARN_64_TO_32_BIT_CONVERSION = YES;
				GCC_WARN_ABOUT_RETURN_TYPE = YES_ERROR;
				GCC_WARN_UNDECLARED_SELECTOR = YES;
				GCC_WARN_UNINITIALIZED_AUTOS = YES_AGGRESSIVE;
				GCC_WARN_UNUSED_FUNCTION = YES;
				GCC_WARN_UNUSED_VARIABLE = YES;
				IPHONEOS_DEPLOYMENT_TARGET = 16.2;
				MTL_ENABLE_DEBUG_INFO = INCLUDE_SOURCE;
				MTL_FAST_MATH = YES;
				ONLY_ACTIVE_ARCH = YES;
				SDKROOT = iphoneos;
				SWIFT_ACTIVE_COMPILATION_CONDITIONS = DEBUG;
				SWIFT_OPTIMIZATION_LEVEL = "-Onone";
			};
			name = Debug;
		};
		D845FC7B2979AB3C00C8FE7F /* Release */ = {
			isa = XCBuildConfiguration;
			buildSettings = {
				ALWAYS_SEARCH_USER_PATHS = NO;
				CLANG_ANALYZER_NONNULL = YES;
				CLANG_ANALYZER_NUMBER_OBJECT_CONVERSION = YES_AGGRESSIVE;
				CLANG_CXX_LANGUAGE_STANDARD = "gnu++20";
				CLANG_ENABLE_MODULES = YES;
				CLANG_ENABLE_OBJC_ARC = YES;
				CLANG_ENABLE_OBJC_WEAK = YES;
				CLANG_WARN_BLOCK_CAPTURE_AUTORELEASING = YES;
				CLANG_WARN_BOOL_CONVERSION = YES;
				CLANG_WARN_COMMA = YES;
				CLANG_WARN_CONSTANT_CONVERSION = YES;
				CLANG_WARN_DEPRECATED_OBJC_IMPLEMENTATIONS = YES;
				CLANG_WARN_DIRECT_OBJC_ISA_USAGE = YES_ERROR;
				CLANG_WARN_DOCUMENTATION_COMMENTS = YES;
				CLANG_WARN_EMPTY_BODY = YES;
				CLANG_WARN_ENUM_CONVERSION = YES;
				CLANG_WARN_INFINITE_RECURSION = YES;
				CLANG_WARN_INT_CONVERSION = YES;
				CLANG_WARN_NON_LITERAL_NULL_CONVERSION = YES;
				CLANG_WARN_OBJC_IMPLICIT_RETAIN_SELF = YES;
				CLANG_WARN_OBJC_LITERAL_CONVERSION = YES;
				CLANG_WARN_OBJC_ROOT_CLASS = YES_ERROR;
				CLANG_WARN_QUOTED_INCLUDE_IN_FRAMEWORK_HEADER = YES;
				CLANG_WARN_RANGE_LOOP_ANALYSIS = YES;
				CLANG_WARN_STRICT_PROTOTYPES = YES;
				CLANG_WARN_SUSPICIOUS_MOVE = YES;
				CLANG_WARN_UNGUARDED_AVAILABILITY = YES_AGGRESSIVE;
				CLANG_WARN_UNREACHABLE_CODE = YES;
				CLANG_WARN__DUPLICATE_METHOD_MATCH = YES;
				COPY_PHASE_STRIP = NO;
				DEBUG_INFORMATION_FORMAT = "dwarf-with-dsym";
				ENABLE_NS_ASSERTIONS = NO;
				ENABLE_STRICT_OBJC_MSGSEND = YES;
				GCC_C_LANGUAGE_STANDARD = gnu11;
				GCC_NO_COMMON_BLOCKS = YES;
				GCC_WARN_64_TO_32_BIT_CONVERSION = YES;
				GCC_WARN_ABOUT_RETURN_TYPE = YES_ERROR;
				GCC_WARN_UNDECLARED_SELECTOR = YES;
				GCC_WARN_UNINITIALIZED_AUTOS = YES_AGGRESSIVE;
				GCC_WARN_UNUSED_FUNCTION = YES;
				GCC_WARN_UNUSED_VARIABLE = YES;
				IPHONEOS_DEPLOYMENT_TARGET = 16.2;
				MTL_ENABLE_DEBUG_INFO = NO;
				MTL_FAST_MATH = YES;
				SDKROOT = iphoneos;
				SWIFT_COMPILATION_MODE = wholemodule;
				SWIFT_OPTIMIZATION_LEVEL = "-O";
				VALIDATE_PRODUCT = YES;
			};
			name = Release;
		};
		D845FC7D2979AB3C00C8FE7F /* Debug */ = {
			isa = XCBuildConfiguration;
			buildSettings = {
				ASSETCATALOG_COMPILER_APPICON_NAME = AppIcon;
				ASSETCATALOG_COMPILER_GLOBAL_ACCENT_COLOR_NAME = AccentColor;
				CODE_SIGN_STYLE = Automatic;
				CURRENT_PROJECT_VERSION = 1;
				DEVELOPMENT_ASSET_PATHS = "\"F15 Data Interpretation/Preview Content\"";
				ENABLE_PREVIEWS = YES;
				GENERATE_INFOPLIST_FILE = YES;
				INFOPLIST_FILE = "F15-Data-Interpretation-Info.plist";
				INFOPLIST_KEY_UIApplicationSupportsIndirectInputEvents = YES;
				INFOPLIST_KEY_UILaunchScreen_Generation = YES;
				INFOPLIST_KEY_UISupportedInterfaceOrientations_iPad = "UIInterfaceOrientationPortrait UIInterfaceOrientationPortraitUpsideDown UIInterfaceOrientationLandscapeLeft UIInterfaceOrientationLandscapeRight";
				INFOPLIST_KEY_UISupportedInterfaceOrientations_iPhone = "UIInterfaceOrientationPortrait UIInterfaceOrientationLandscapeLeft UIInterfaceOrientationLandscapeRight";
				LD_RUNPATH_SEARCH_PATHS = (
					"$(inherited)",
					"@executable_path/Frameworks",
				);
				MARKETING_VERSION = 1.0;
				PRODUCT_BUNDLE_IDENTIFIER = "com.capstonegroup.F15-Data-Interpretation";
				PRODUCT_NAME = "$(TARGET_NAME)";
				SWIFT_EMIT_LOC_STRINGS = YES;
				SWIFT_VERSION = 5.0;
				TARGETED_DEVICE_FAMILY = "1,2";
			};
			name = Debug;
		};
		D845FC7E2979AB3C00C8FE7F /* Release */ = {
			isa = XCBuildConfiguration;
			buildSettings = {
				ASSETCATALOG_COMPILER_APPICON_NAME = AppIcon;
				ASSETCATALOG_COMPILER_GLOBAL_ACCENT_COLOR_NAME = AccentColor;
				CODE_SIGN_STYLE = Automatic;
				CURRENT_PROJECT_VERSION = 1;
				DEVELOPMENT_ASSET_PATHS = "\"F15 Data Interpretation/Preview Content\"";
				ENABLE_PREVIEWS = YES;
				GENERATE_INFOPLIST_FILE = YES;
				INFOPLIST_FILE = "F15-Data-Interpretation-Info.plist";
				INFOPLIST_KEY_UIApplicationSupportsIndirectInputEvents = YES;
				INFOPLIST_KEY_UILaunchScreen_Generation = YES;
				INFOPLIST_KEY_UISupportedInterfaceOrientations_iPad = "UIInterfaceOrientationPortrait UIInterfaceOrientationPortraitUpsideDown UIInterfaceOrientationLandscapeLeft UIInterfaceOrientationLandscapeRight";
				INFOPLIST_KEY_UISupportedInterfaceOrientations_iPhone = "UIInterfaceOrientationPortrait UIInterfaceOrientationLandscapeLeft UIInterfaceOrientationLandscapeRight";
				LD_RUNPATH_SEARCH_PATHS = (
					"$(inherited)",
					"@executable_path/Frameworks",
				);
				MARKETING_VERSION = 1.0;
				PRODUCT_BUNDLE_IDENTIFIER = "com.capstonegroup.F15-Data-Interpretation";
				PRODUCT_NAME = "$(TARGET_NAME)";
				SWIFT_EMIT_LOC_STRINGS = YES;
				SWIFT_VERSION = 5.0;
				TARGETED_DEVICE_FAMILY = "1,2";
			};
			name = Release;
		};
/* End XCBuildConfiguration section */

/* Begin XCConfigurationList section */
		D845FC692979AB3C00C8FE7F /* Build configuration list for PBXProject "F15 Data Interpretation" */ = {
			isa = XCConfigurationList;
			buildConfigurations = (
				D845FC7A2979AB3C00C8FE7F /* Debug */,
				D845FC7B2979AB3C00C8FE7F /* Release */,
			);
			defaultConfigurationIsVisible = 0;
			defaultConfigurationName = Release;
		};
		D845FC7C2979AB3C00C8FE7F /* Build configuration list for PBXNativeTarget "F15 Data Interpretation" */ = {
			isa = XCConfigurationList;
			buildConfigurations = (
				D845FC7D2979AB3C00C8FE7F /* Debug */,
				D845FC7E2979AB3C00C8FE7F /* Release */,
			);
			defaultConfigurationIsVisible = 0;
			defaultConfigurationName = Release;
		};
/* End XCConfigurationList section */

/* Begin XCRemoteSwiftPackageReference section */
		D820A1562984389100576E1C /* XCRemoteSwiftPackageReference "BinarySwift" */ = {
			isa = XCRemoteSwiftPackageReference;
			repositoryURL = "https://github.com/Szaq/BinarySwift";
			requirement = {
				branch = master;
				kind = branch;
			};
		};
/* End XCRemoteSwiftPackageReference section */

/* Begin XCSwiftPackageProductDependency section */
		D820A1572984389100576E1C /* BinarySwift */ = {
			isa = XCSwiftPackageProductDependency;
			package = D820A1562984389100576E1C /* XCRemoteSwiftPackageReference "BinarySwift" */;
			productName = BinarySwift;
		};
/* End XCSwiftPackageProductDependency section */
	};
	rootObject = D845FC662979AB3C00C8FE7F /* Project object */;
}
